
Microsoft Visual Studio Solution File, Format Version 12.00
# Visual Studio Version 17
VisualStudioVersion = 17.14.37012.4
MinimumVisualStudioVersion = 10.0.40219.1
Project("{2150E333-8FDC-42A3-9474-1A3956D46DE8}") = "Services", "Services", "{02EA681E-C7D8-13C7-8484-4AC65E1B71E8}"
EndProject
Project("{2150E333-8FDC-42A3-9474-1A3956D46DE8}") = "Catalog", "Catalog", "{2ED187C8-DA86-4937-8104-9BDFB74AB897}"
EndProject
Project("{FAE04EC0-301F-11D3-BF4B-00C04F79EFBC}") = "Catalog.API", "Services\Catalog\Catalog.API\Catalog.API.csproj", "{940A844E-A8B6-4714-B080-35EDC0824195}"
EndProject
Global
	GlobalSection(SolutionConfigurationPlatforms) = preSolution
		Debug|Any CPU = Debug|Any CPU
		Release|Any CPU = Release|Any CPU
	EndGlobalSection
	GlobalSection(ProjectConfigurationPlatforms) = postSolution
		{940A844E-A8B6-4714-B080-35EDC0824195}.Debug|Any CPU.ActiveCfg = Debug|Any CPU
		{940A844E-A8B6-4714-B080-35EDC0824195}.Debug|Any CPU.Build.0 = Debug|Any CPU
		{940A844E-A8B6-4714-B080-35EDC0824195}.Release|Any CPU.ActiveCfg = Release|Any CPU
		{940A844E-A8B6-4714-B080-35EDC0824195}.Release|Any CPU.Build.0 = Release|Any CPU
	EndGlobalSection
	GlobalSection(SolutionProperties) = preSolution
		HideSolutionNode = FALSE
	EndGlobalSection
	GlobalSection(NestedProjects) = preSolution
		{2ED187C8-DA86-4937-8104-9BDFB74AB897} = {02EA681E-C7D8-13C7-8484-4AC65E1B71E8}
		{940A844E-A8B6-4714-B080-35EDC0824195} = {2ED187C8-DA86-4937-8104-9BDFB74AB897}
	EndGlobalSection
	GlobalSection(ExtensibilityGlobals) = postSolution
		SolutionGuid = {AE8C84C2-9610-48F5-82B1-3A0F6DED4C40}
	EndGlobalSection
EndGlobal
